
Microsoft Visual Studio Solution File, Format Version 12.00
# Visual Studio Version 16
VisualStudioVersion = 16.0.31005.135
MinimumVisualStudioVersion = 10.0.40219.1
Project("{FAE04EC0-301F-11D3-BF4B-00C04F79EFBC}") = "PDFSample", "PDFSample\PDFSample.csproj", "{6FFC2BEB-DB52-4958-8485-37CB15A787BA}"
EndProject
Global
	GlobalSection(SolutionConfigurationPlatforms) = preSolution
		Debug|Any CPU = Debug|Any CPU
		Release|Any CPU = Release|Any CPU
	EndGlobalSection
	GlobalSection(ProjectConfigurationPlatforms) = postSolution
		{6FFC2BEB-DB52-4958-8485-37CB15A787BA}.Debug|Any CPU.ActiveCfg = Debug|Any CPU
		{6FFC2BEB-DB52-4958-8485-37CB15A787BA}.Debug|Any CPU.Build.0 = Debug|Any CPU
		{6FFC2BEB-DB52-4958-8485-37CB15A787BA}.Release|Any CPU.ActiveCfg = Release|Any CPU
		{6FFC2BEB-DB52-4958-8485-37CB15A787BA}.Release|Any CPU.Build.0 = Release|Any CPU
	EndGlobalSection
	GlobalSection(SolutionProperties) = preSolution
		HideSolutionNode = FALSE
	EndGlobalSection
	GlobalSection(ExtensibilityGlobals) = postSolution
		SolutionGuid = {AD396461-BECA-4ED6-8096-A3FE240E501D}
	EndGlobalSection
EndGlobal
